# This file is automatically @generated by Poetry 1.8.2 and should not be changed by hand.

[[package]]
name = "pysvg"
version = "0.1.1+dev"
description = ""
optional = false
python-versions = "^3.12"
files = []
develop = false

[package.source]
type = "git"
url = "https://github.com/North101/pysvg.git"
reference = "HEAD"
resolved_reference = "68c0522b055fe667e66940cfa694d15634488a0c"

[[package]]
name = "pysvg-util"
version = "0.1"
description = ""
optional = false
python-versions = "^3.12"
files = []
develop = false

[package.dependencies]
pysvg = {git = "https://github.com/North101/pysvg.git"}
typed-argparse = {git = "https://github.com/North101/typed-argparse"}

[package.source]
type = "git"
url = "https://github.com/North101/pysvg-util.git"
reference = "HEAD"
resolved_reference = "fbf5090022d7306ab3dbb615cc7beb3f0d86b915"

[[package]]
name = "typed-argparse"
version = "0.3.1"
description = "Write type-safe and elegant CLIs with a clear separation of concerns."
optional = false
python-versions = ">=3.9"
files = []
develop = false

[package.dependencies]
typing-extensions = "*"

[package.source]
type = "git"
url = "https://github.com/North101/typed-argparse"
reference = "HEAD"
resolved_reference = "670c96c0265c67460c2c04e3155c20b8d424fbdd"

[[package]]
name = "typing-extensions"
version = "4.12.2"
description = "Backported and Experimental Type Hints for Python 3.8+"
optional = false
python-versions = ">=3.8"
files = [
    {file = "typing_extensions-4.12.2-py3-none-any.whl", hash = "sha256:04e5ca0351e0f3f85c6853954072df659d0d13fac324d0072316b67d7794700d"},
    {file = "typing_extensions-4.12.2.tar.gz", hash = "sha256:1a7ead55c7e559dd4dee8856e3a88b41225abfe1ce8df57b7c13915fe121ffb8"},
]

[metadata]
lock-version = "2.0"
python-versions = "^3.12"
content-hash = "ba17bd8618e4ae7e429bf02e633f5483370cdcc184c630d2560c0125b630b387"
