# This file is automatically @generated by Poetry 1.7.0 and should not be changed by hand.

[[package]]
name = "pysvg"
version = "0.1.1+dev"
description = ""
optional = false
python-versions = "^3.12"
files = []
develop = false

[package.source]
type = "git"
url = "https://github.com/North101/pysvg.git"
reference = "HEAD"
resolved_reference = "d438340defc87bfba041080fb18e9cc1baa31f8a"

[[package]]
name = "typed-argparse"
version = "0.3.1"
description = "Write type-safe and elegant CLIs with a clear separation of concerns."
optional = false
python-versions = ">=3.9"
files = []
develop = false

[package.dependencies]
typing-extensions = "*"

[package.source]
type = "git"
url = "https://github.com/North101/typed-argparse"
reference = "HEAD"
resolved_reference = "e5419f33b1df161ea40e130d34731e26aea325ef"

[[package]]
name = "typing-extensions"
version = "4.9.0"
description = "Backported and Experimental Type Hints for Python 3.8+"
optional = false
python-versions = ">=3.8"
files = [
    {file = "typing_extensions-4.9.0-py3-none-any.whl", hash = "sha256:af72aea155e91adfc61c3ae9e0e342dbc0cba726d6cba4b6c72c1f34e47291cd"},
    {file = "typing_extensions-4.9.0.tar.gz", hash = "sha256:23478f88c37f27d76ac8aee6c905017a143b0b1b886c3c9f66bc2fd94f9f5783"},
]

[metadata]
lock-version = "2.0"
python-versions = "^3.12"
content-hash = "d4c0994b3a1f6d76e10e62473b49b33eb23de1225a6044de387f408921f4fc6f"
